# This file is automatically @generated by Cargo.
# It is not intended for manual editing.
version = 4

[[package]]
name = "addr2line"
version = "0.24.2"
source = "registry+https://github.com/rust-lang/crates.io-index"
checksum = "dfbe277e56a376000877090da837660b4427aad530e3028d44e0bffe4f89a1c1"
dependencies = [
 "gimli",
]

[[package]]
name = "adler2"
version = "2.0.0"
source = "registry+https://github.com/rust-lang/crates.io-index"
checksum = "512761e0bb2578dd7380c6baaa0f4ce03e84f95e960231d1dec8bf4d7d6e2627"

[[package]]
name = "aho-corasick"
version = "1.1.3"
source = "registry+https://github.com/rust-lang/crates.io-index"
checksum = "8e60d3430d3a69478ad0993f19238d2df97c507009a52b3c10addcd7f6bcb916"
dependencies = [
 "memchr",
]

[[package]]
name = "anstream"
version = "0.6.18"
source = "registry+https://github.com/rust-lang/crates.io-index"
checksum = "8acc5369981196006228e28809f761875c0327210a891e941f4c683b3a99529b"
dependencies = [
 "anstyle",
 "anstyle-parse",
 "anstyle-query",
 "anstyle-wincon",
 "colorchoice",
 "is_terminal_polyfill",
 "utf8parse",
]

[[package]]
name = "anstyle"
version = "1.0.10"
source = "registry+https://github.com/rust-lang/crates.io-index"
checksum = "55cc3b69f167a1ef2e161439aa98aed94e6028e5f9a59be9a6ffb47aef1651f9"

[[package]]
name = "anstyle-parse"
version = "0.2.6"
source = "registry+https://github.com/rust-lang/crates.io-index"
checksum = "3b2d16507662817a6a20a9ea92df6652ee4f94f914589377d69f3b21bc5798a9"
dependencies = [
 "utf8parse",
]

[[package]]
name = "anstyle-query"
version = "1.1.2"
source = "registry+https://github.com/rust-lang/crates.io-index"
checksum = "79947af37f4177cfead1110013d678905c37501914fba0efea834c3fe9a8d60c"
dependencies = [
 "windows-sys 0.59.0",
]

[[package]]
name = "anstyle-wincon"
version = "3.0.8"
source = "registry+https://github.com/rust-lang/crates.io-index"
checksum = "6680de5231bd6ee4c6191b8a1325daa282b415391ec9d3a37bd34f2060dc73fa"
dependencies = [
 "anstyle",
 "once_cell_polyfill",
 "windows-sys 0.59.0",
]

[[package]]
name = "anyhow"
version = "1.0.100"
source = "registry+https://github.com/rust-lang/crates.io-index"
checksum = "a23eb6b1614318a8071c9b2521f36b424b2c83db5eb3a0fead4a6c0809af6e61"

[[package]]
name = "async-trait"
version = "0.1.89"
source = "registry+https://github.com/rust-lang/crates.io-index"
checksum = "9035ad2d096bed7955a320ee7e2230574d28fd3c3a0f186cbea1ff3c7eed5dbb"
dependencies = [
 "proc-macro2",
 "quote",
 "syn",
]

[[package]]
name = "atomic"
version = "0.6.0"
source = "registry+https://github.com/rust-lang/crates.io-index"
checksum = "8d818003e740b63afc82337e3160717f4f63078720a810b7b903e70a5d1d2994"
dependencies = [
 "bytemuck",
]

[[package]]
name = "autocfg"
version = "1.4.0"
source = "registry+https://github.com/rust-lang/crates.io-index"
checksum = "ace50bade8e6234aa140d9a2f552bbee1db4d353f69b8217bc503490fc1a9f26"

[[package]]
name = "backtrace"
version = "0.3.75"
source = "registry+https://github.com/rust-lang/crates.io-index"
checksum = "6806a6321ec58106fea15becdad98371e28d92ccbc7c8f1b3b6dd724fe8f1002"
dependencies = [
 "addr2line",
 "cfg-if",
 "libc",
 "miniz_oxide",
 "object",
 "rustc-demangle",
 "windows-targets",
]

[[package]]
name = "bitflags"
version = "2.9.1"
source = "registry+https://github.com/rust-lang/crates.io-index"
checksum = "1b8e56985ec62d17e9c1001dc89c88ecd7dc08e47eba5ec7c29c7b5eeecde967"

[[package]]
name = "built"
version = "0.8.0"
source = "registry+https://github.com/rust-lang/crates.io-index"
checksum = "f4ad8f11f288f48ca24471bbd51ac257aaeaaa07adae295591266b792902ae64"
dependencies = [
 "git2",
]

[[package]]
name = "bytecount"
version = "0.6.8"
source = "registry+https://github.com/rust-lang/crates.io-index"
checksum = "5ce89b21cab1437276d2650d57e971f9d548a2d9037cc231abdc0562b97498ce"

[[package]]
name = "bytemuck"
version = "1.23.0"
source = "registry+https://github.com/rust-lang/crates.io-index"
checksum = "9134a6ef01ce4b366b50689c94f82c14bc72bc5d0386829828a2e2752ef7958c"

[[package]]
name = "bytes"
version = "1.10.1"
source = "registry+https://github.com/rust-lang/crates.io-index"
checksum = "d71b6127be86fdcfddb610f7182ac57211d4b18a3e9c82eb2d17662f2227ad6a"

[[package]]
name = "cc"
version = "1.2.25"
source = "registry+https://github.com/rust-lang/crates.io-index"
checksum = "d0fc897dc1e865cc67c0e05a836d9d3f1df3cbe442aa4a9473b18e12624a4951"
dependencies = [
 "jobserver",
 "libc",
 "shlex",
]

[[package]]
name = "cfg-if"
version = "1.0.0"
source = "registry+https://github.com/rust-lang/crates.io-index"
checksum = "baf1de4339761588bc0619e3cbc0120ee582ebb74b53b4efbf79117bd2da40fd"

[[package]]
name = "cfg_aliases"
version = "0.2.1"
source = "registry+https://github.com/rust-lang/crates.io-index"
checksum = "613afe47fcd5fac7ccf1db93babcb082c5994d996f20b8b159f2ad1658eb5724"

[[package]]
name = "clap"
version = "4.5.48"
source = "registry+https://github.com/rust-lang/crates.io-index"
checksum = "e2134bb3ea021b78629caa971416385309e0131b351b25e01dc16fb54e1b5fae"
dependencies = [
 "clap_builder",
 "clap_derive",
]

[[package]]
name = "clap_builder"
version = "4.5.48"
source = "registry+https://github.com/rust-lang/crates.io-index"
checksum = "c2ba64afa3c0a6df7fa517765e31314e983f51dda798ffba27b988194fb65dc9"
dependencies = [
 "anstream",
 "anstyle",
 "clap_lex",
 "strsim",
]

[[package]]
name = "clap_derive"
version = "4.5.47"
source = "registry+https://github.com/rust-lang/crates.io-index"
checksum = "bbfd7eae0b0f1a6e63d4b13c9c478de77c2eb546fba158ad50b4203dc24b9f9c"
dependencies = [
 "heck",
 "proc-macro2",
 "quote",
 "syn",
]

[[package]]
name = "clap_lex"
version = "0.7.4"
source = "registry+https://github.com/rust-lang/crates.io-index"
checksum = "f46ad14479a25103f283c0f10005961cf086d8dc42205bb44c46ac563475dca6"

[[package]]
name = "colorchoice"
version = "1.0.3"
source = "registry+https://github.com/rust-lang/crates.io-index"
checksum = "5b63caa9aa9397e2d9480a9b13673856c78d8ac123288526c37d7839f2a86990"

[[package]]
name = "console"
version = "0.15.11"
source = "registry+https://github.com/rust-lang/crates.io-index"
checksum = "054ccb5b10f9f2cbf51eb355ca1d05c2d279ce1804688d0db74b4733a5aeafd8"
dependencies = [
 "encode_unicode",
 "libc",
 "once_cell",
 "unicode-width",
 "windows-sys 0.59.0",
]

[[package]]
name = "ctrlc"
version = "3.5.0"
source = "registry+https://github.com/rust-lang/crates.io-index"
checksum = "881c5d0a13b2f1498e2306e82cbada78390e152d4b1378fb28a84f4dcd0dc4f3"
dependencies = [
 "dispatch",
 "nix",
 "windows-sys 0.61.1",
]

[[package]]
name = "dialoguer"
version = "0.11.0"
source = "registry+https://github.com/rust-lang/crates.io-index"
checksum = "658bce805d770f407bc62102fca7c2c64ceef2fbcb2b8bd19d2765ce093980de"
dependencies = [
 "console",
 "fuzzy-matcher",
 "shell-words",
 "tempfile",
 "thiserror 1.0.69",
 "zeroize",
]

[[package]]
name = "dirs-next"
version = "2.0.0"
source = "registry+https://github.com/rust-lang/crates.io-index"
checksum = "b98cf8ebf19c3d1b223e151f99a4f9f0690dca41414773390fc824184ac833e1"
dependencies = [
 "cfg-if",
 "dirs-sys-next",
]

[[package]]
name = "dirs-sys-next"
version = "0.1.2"
source = "registry+https://github.com/rust-lang/crates.io-index"
checksum = "4ebda144c4fe02d1f7ea1a7d9641b6fc6b580adcfa024ae48797ecdeb6825b4d"
dependencies = [
 "libc",
 "redox_users",
 "winapi",
]

[[package]]
name = "dispatch"
version = "0.2.0"
source = "registry+https://github.com/rust-lang/crates.io-index"
checksum = "bd0c93bb4b0c6d9b77f4435b0ae98c24d17f1c45b2ff844c6151a07256ca923b"

[[package]]
name = "displaydoc"
version = "0.2.5"
source = "registry+https://github.com/rust-lang/crates.io-index"
checksum = "97369cbbc041bc366949bc74d34658d6cda5621039731c6310521892a3a20ae0"
dependencies = [
 "proc-macro2",
 "quote",
 "syn",
]

[[package]]
name = "either"
version = "1.15.0"
source = "registry+https://github.com/rust-lang/crates.io-index"
checksum = "48c757948c5ede0e46177b7add2e67155f70e33c07fea8284df6576da70b3719"

[[package]]
name = "encode_unicode"
version = "1.0.0"
source = "registry+https://github.com/rust-lang/crates.io-index"
checksum = "34aa73646ffb006b8f5147f3dc182bd4bcb190227ce861fc4a4844bf8e3cb2c0"

[[package]]
name = "env_home"
version = "0.1.0"
source = "registry+https://github.com/rust-lang/crates.io-index"
checksum = "c7f84e12ccf0a7ddc17a6c41c93326024c42920d7ee630d04950e6926645c0fe"

[[package]]
name = "equivalent"
version = "1.0.2"
source = "registry+https://github.com/rust-lang/crates.io-index"
checksum = "877a4ace8713b0bcf2a4e7eec82529c029f1d0619886d18145fea96c3ffe5c0f"

[[package]]
name = "errno"
version = "0.3.12"
source = "registry+https://github.com/rust-lang/crates.io-index"
checksum = "cea14ef9355e3beab063703aa9dab15afd25f0667c341310c1e5274bb1d0da18"
dependencies = [
 "libc",
 "windows-sys 0.59.0",
]

[[package]]
name = "fastrand"
version = "2.3.0"
source = "registry+https://github.com/rust-lang/crates.io-index"
checksum = "37909eebbb50d72f9059c3b6d82c0463f2ff062c9e95845c43a6c9c0355411be"

[[package]]
name = "figment"
version = "0.10.19"
source = "registry+https://github.com/rust-lang/crates.io-index"
checksum = "8cb01cd46b0cf372153850f4c6c272d9cbea2da513e07538405148f95bd789f3"
dependencies = [
 "atomic",
 "pear",
 "serde",
 "toml",
 "uncased",
 "version_check",
]

[[package]]
name = "fnv"
version = "1.0.7"
source = "registry+https://github.com/rust-lang/crates.io-index"
checksum = "3f9eec918d3f24069decb9af1554cad7c880e2da24a9afd88aca000531ab82c1"

[[package]]
name = "form_urlencoded"
version = "1.2.1"
source = "registry+https://github.com/rust-lang/crates.io-index"
checksum = "e13624c2627564efccf4934284bdd98cbaa14e79b0b5a141218e507b3a823456"
dependencies = [
 "percent-encoding",
]

[[package]]
name = "futures"
version = "0.3.31"
source = "registry+https://github.com/rust-lang/crates.io-index"
checksum = "65bc07b1a8bc7c85c5f2e110c476c7389b4554ba72af57d8445ea63a576b0876"
dependencies = [
 "futures-channel",
 "futures-core",
 "futures-io",
 "futures-sink",
 "futures-task",
 "futures-util",
]

[[package]]
name = "futures-channel"
version = "0.3.31"
source = "registry+https://github.com/rust-lang/crates.io-index"
checksum = "2dff15bf788c671c1934e366d07e30c1814a8ef514e1af724a602e8a2fbe1b10"
dependencies = [
 "futures-core",
 "futures-sink",
]

[[package]]
name = "futures-core"
version = "0.3.31"
source = "registry+https://github.com/rust-lang/crates.io-index"
checksum = "05f29059c0c2090612e8d742178b0580d2dc940c837851ad723096f87af6663e"

[[package]]
name = "futures-io"
version = "0.3.31"
source = "registry+https://github.com/rust-lang/crates.io-index"
checksum = "9e5c1b78ca4aae1ac06c48a526a655760685149f0d465d21f37abfe57ce075c6"

[[package]]
name = "futures-sink"
version = "0.3.31"
source = "registry+https://github.com/rust-lang/crates.io-index"
checksum = "e575fab7d1e0dcb8d0c7bcf9a63ee213816ab51902e6d244a95819acacf1d4f7"

[[package]]
name = "futures-task"
version = "0.3.31"
source = "registry+https://github.com/rust-lang/crates.io-index"
checksum = "f90f7dce0722e95104fcb095585910c0977252f286e354b5e3bd38902cd99988"

[[package]]
name = "futures-util"
version = "0.3.31"
source = "registry+https://github.com/rust-lang/crates.io-index"
checksum = "9fa08315bb612088cc391249efdc3bc77536f16c91f6cf495e6fbe85b20a4a81"
dependencies = [
 "futures-channel",
 "futures-core",
 "futures-io",
 "futures-sink",
 "futures-task",
 "memchr",
 "pin-project-lite",
 "pin-utils",
 "slab",
]

[[package]]
name = "fuzzy-matcher"
version = "0.3.7"
source = "registry+https://github.com/rust-lang/crates.io-index"
checksum = "54614a3312934d066701a80f20f15fa3b56d67ac7722b39eea5b4c9dd1d66c94"
dependencies = [
 "thread_local",
]

[[package]]
name = "getrandom"
version = "0.2.16"
source = "registry+https://github.com/rust-lang/crates.io-index"
checksum = "335ff9f135e4384c8150d6f27c6daed433577f86b4750418338c01a1a2528592"
dependencies = [
 "cfg-if",
 "libc",
 "wasi 0.11.0+wasi-snapshot-preview1",
]

[[package]]
name = "getrandom"
version = "0.3.3"
source = "registry+https://github.com/rust-lang/crates.io-index"
checksum = "26145e563e54f2cadc477553f1ec5ee650b00862f0a58bcd12cbdc5f0ea2d2f4"
dependencies = [
 "cfg-if",
 "libc",
 "r-efi",
 "wasi 0.14.2+wasi-0.2.4",
]

[[package]]
name = "gimli"
version = "0.31.1"
source = "registry+https://github.com/rust-lang/crates.io-index"
checksum = "07e28edb80900c19c28f1072f2e8aeca7fa06b23cd4169cefe1af5aa3260783f"

[[package]]
name = "git2"
version = "0.20.2"
source = "registry+https://github.com/rust-lang/crates.io-index"
checksum = "2deb07a133b1520dc1a5690e9bd08950108873d7ed5de38dcc74d3b5ebffa110"
dependencies = [
 "bitflags",
 "libc",
 "libgit2-sys",
 "log",
 "url",
]

[[package]]
name = "hashbrown"
version = "0.15.3"
source = "registry+https://github.com/rust-lang/crates.io-index"
checksum = "84b26c544d002229e640969970a2e74021aadf6e2f96372b9c58eff97de08eb3"

[[package]]
name = "heck"
version = "0.5.0"
source = "registry+https://github.com/rust-lang/crates.io-index"
checksum = "2304e00983f87ffb38b55b444b5e3b60a884b5d30c0fca7d82fe33449bbe55ea"

[[package]]
name = "icu_collections"
version = "2.0.0"
source = "registry+https://github.com/rust-lang/crates.io-index"
checksum = "200072f5d0e3614556f94a9930d5dc3e0662a652823904c3a75dc3b0af7fee47"
dependencies = [
 "displaydoc",
 "potential_utf",
 "yoke",
 "zerofrom",
 "zerovec",
]

[[package]]
name = "icu_locale_core"
version = "2.0.0"
source = "registry+https://github.com/rust-lang/crates.io-index"
checksum = "0cde2700ccaed3872079a65fb1a78f6c0a36c91570f28755dda67bc8f7d9f00a"
dependencies = [
 "displaydoc",
 "litemap",
 "tinystr",
 "writeable",
 "zerovec",
]

[[package]]
name = "icu_normalizer"
version = "2.0.0"
source = "registry+https://github.com/rust-lang/crates.io-index"
checksum = "436880e8e18df4d7bbc06d58432329d6458cc84531f7ac5f024e93deadb37979"
dependencies = [
 "displaydoc",
 "icu_collections",
 "icu_normalizer_data",
 "icu_properties",
 "icu_provider",
 "smallvec",
 "zerovec",
]

[[package]]
name = "icu_normalizer_data"
version = "2.0.0"
source = "registry+https://github.com/rust-lang/crates.io-index"
checksum = "00210d6893afc98edb752b664b8890f0ef174c8adbb8d0be9710fa66fbbf72d3"

[[package]]
name = "icu_properties"
version = "2.0.1"
source = "registry+https://github.com/rust-lang/crates.io-index"
checksum = "016c619c1eeb94efb86809b015c58f479963de65bdb6253345c1a1276f22e32b"
dependencies = [
 "displaydoc",
 "icu_collections",
 "icu_locale_core",
 "icu_properties_data",
 "icu_provider",
 "potential_utf",
 "zerotrie",
 "zerovec",
]

[[package]]
name = "icu_properties_data"
version = "2.0.1"
source = "registry+https://github.com/rust-lang/crates.io-index"
checksum = "298459143998310acd25ffe6810ed544932242d3f07083eee1084d83a71bd632"

[[package]]
name = "icu_provider"
version = "2.0.0"
source = "registry+https://github.com/rust-lang/crates.io-index"
checksum = "03c80da27b5f4187909049ee2d72f276f0d9f99a42c306bd0131ecfe04d8e5af"
dependencies = [
 "displaydoc",
 "icu_locale_core",
 "stable_deref_trait",
 "tinystr",
 "writeable",
 "yoke",
 "zerofrom",
 "zerotrie",
 "zerovec",
]

[[package]]
name = "idna"
version = "1.0.3"
source = "registry+https://github.com/rust-lang/crates.io-index"
checksum = "686f825264d630750a544639377bae737628043f20d38bbc029e8f29ea968a7e"
dependencies = [
 "idna_adapter",
 "smallvec",
 "utf8_iter",
]

[[package]]
name = "idna_adapter"
version = "1.2.1"
source = "registry+https://github.com/rust-lang/crates.io-index"
checksum = "3acae9609540aa318d1bc588455225fb2085b9ed0c4f6bd0d9d5bcd86f1a0344"
dependencies = [
 "icu_normalizer",
 "icu_properties",
]

[[package]]
name = "indexmap"
version = "2.9.0"
source = "registry+https://github.com/rust-lang/crates.io-index"
checksum = "cea70ddb795996207ad57735b50c5982d8844f38ba9ee5f1aedcfb708a2aa11e"
dependencies = [
 "equivalent",
 "hashbrown",
]

[[package]]
name = "indoc"
version = "2.0.6"
source = "registry+https://github.com/rust-lang/crates.io-index"
checksum = "f4c7245a08504955605670dbf141fceab975f15ca21570696aebe9d2e71576bd"

[[package]]
name = "inlinable_string"
version = "0.1.15"
source = "registry+https://github.com/rust-lang/crates.io-index"
checksum = "c8fae54786f62fb2918dcfae3d568594e50eb9b5c25bf04371af6fe7516452fb"

[[package]]
name = "io-uring"
version = "0.7.10"
source = "registry+https://github.com/rust-lang/crates.io-index"
checksum = "046fa2d4d00aea763528b4950358d0ead425372445dc8ff86312b3c69ff7727b"
dependencies = [
 "bitflags",
 "cfg-if",
 "libc",
]

[[package]]
name = "is_elevated"
version = "0.1.2"
source = "registry+https://github.com/rust-lang/crates.io-index"
checksum = "5299060ff5db63e788015dcb9525ad9b84f4fd9717ed2cbdeba5018cbf42f9b5"
dependencies = [
 "winapi",
]

[[package]]
name = "is_terminal_polyfill"
version = "1.70.1"
source = "registry+https://github.com/rust-lang/crates.io-index"
checksum = "7943c866cc5cd64cbc25b2e01621d07fa8eb2a1a23160ee81ce38704e97b8ecf"

[[package]]
name = "itertools"
version = "0.14.0"
source = "registry+https://github.com/rust-lang/crates.io-index"
checksum = "2b192c782037fadd9cfa75548310488aabdbf3d2da73885b31bd0abd03351285"
dependencies = [
 "either",
]

[[package]]
name = "jobserver"
version = "0.1.33"
source = "registry+https://github.com/rust-lang/crates.io-index"
checksum = "38f262f097c174adebe41eb73d66ae9c06b2844fb0da69969647bbddd9b0538a"
dependencies = [
 "getrandom 0.3.3",
 "libc",
]

[[package]]
name = "libc"
version = "0.2.172"
source = "registry+https://github.com/rust-lang/crates.io-index"
checksum = "d750af042f7ef4f724306de029d18836c26c1765a54a6a3f094cbd23a7267ffa"

[[package]]
name = "libgit2-sys"
version = "0.18.1+1.9.0"
source = "registry+https://github.com/rust-lang/crates.io-index"
checksum = "e1dcb20f84ffcdd825c7a311ae347cce604a6f084a767dec4a4929829645290e"
dependencies = [
 "cc",
 "libc",
 "libz-sys",
 "pkg-config",
]

[[package]]
name = "libredox"
version = "0.1.3"
source = "registry+https://github.com/rust-lang/crates.io-index"
checksum = "c0ff37bd590ca25063e35af745c343cb7a0271906fb7b37e4813e8f79f00268d"
dependencies = [
 "bitflags",
 "libc",
]

[[package]]
name = "libz-sys"
version = "1.1.22"
source = "registry+https://github.com/rust-lang/crates.io-index"
checksum = "8b70e7a7df205e92a1a4cd9aaae7898dac0aa555503cc0a649494d0d60e7651d"
dependencies = [
 "cc",
 "libc",
 "pkg-config",
 "vcpkg",
]

[[package]]
name = "linux-raw-sys"
version = "0.9.4"
source = "registry+https://github.com/rust-lang/crates.io-index"
checksum = "cd945864f07fe9f5371a27ad7b52a172b4b499999f1d97574c9fa68373937e12"

[[package]]
name = "litemap"
version = "0.8.0"
source = "registry+https://github.com/rust-lang/crates.io-index"
checksum = "241eaef5fd12c88705a01fc1066c48c4b36e0dd4377dcdc7ec3942cea7a69956"

[[package]]
name = "litrs"
version = "0.5.1"
source = "registry+https://github.com/rust-lang/crates.io-index"
checksum = "1e4cf394bcd88ba72eb3b2862e21ef6458b0e1586654e213b0176e667bb9d19e"

[[package]]
name = "log"
version = "0.4.27"
source = "registry+https://github.com/rust-lang/crates.io-index"
checksum = "13dc2df351e3202783a1fe0d44375f7295ffb4049267b0f3018346dc122a1d94"

[[package]]
name = "macro_rules_attribute"
version = "0.2.2"
source = "registry+https://github.com/rust-lang/crates.io-index"
checksum = "65049d7923698040cd0b1ddcced9b0eb14dd22c5f86ae59c3740eab64a676520"
dependencies = [
 "macro_rules_attribute-proc_macro",
 "paste",
]

[[package]]
name = "macro_rules_attribute-proc_macro"
version = "0.2.2"
source = "registry+https://github.com/rust-lang/crates.io-index"
checksum = "670fdfda89751bc4a84ac13eaa63e205cf0fd22b4c9a5fbfa085b63c1f1d3a30"

[[package]]
name = "memchr"
version = "2.7.4"
source = "registry+https://github.com/rust-lang/crates.io-index"
checksum = "78ca9ab1a0babb1e7d5695e3530886289c18cf2f87ec19a575a0abdce112e3a3"

[[package]]
name = "miniz_oxide"
version = "0.8.8"
source = "registry+https://github.com/rust-lang/crates.io-index"
checksum = "3be647b768db090acb35d5ec5db2b0e1f1de11133ca123b9eacf5137868f892a"
dependencies = [
 "adler2",
]

[[package]]
name = "mio"
version = "1.0.4"
source = "registry+https://github.com/rust-lang/crates.io-index"
checksum = "78bed444cc8a2160f01cbcf811ef18cac863ad68ae8ca62092e8db51d51c761c"
dependencies = [
 "libc",
 "wasi 0.11.0+wasi-snapshot-preview1",
 "windows-sys 0.59.0",
]

[[package]]
name = "nix"
version = "0.30.1"
source = "registry+https://github.com/rust-lang/crates.io-index"
checksum = "74523f3a35e05aba87a1d978330aef40f67b0304ac79c1c00b294c9830543db6"
dependencies = [
 "bitflags",
 "cfg-if",
 "cfg_aliases",
 "libc",
]

[[package]]
name = "object"
version = "0.36.7"
source = "registry+https://github.com/rust-lang/crates.io-index"
checksum = "62948e14d923ea95ea2c7c86c71013138b66525b86bdc08d2dcc262bdb497b87"
dependencies = [
 "memchr",
]

[[package]]
name = "once_cell"
version = "1.21.3"
source = "registry+https://github.com/rust-lang/crates.io-index"
checksum = "42f5e15c9953c5e4ccceeb2e7382a716482c34515315f7b03532b8b4e8393d2d"

[[package]]
name = "once_cell_polyfill"
version = "1.70.1"
source = "registry+https://github.com/rust-lang/crates.io-index"
checksum = "a4895175b425cb1f87721b59f0f286c2092bd4af812243672510e1ac53e2e0ad"

[[package]]
name = "pacaptr"
version = "0.23.0"
dependencies = [
 "async-trait",
 "built",
 "bytes",
 "clap",
 "console",
 "ctrlc",
 "dialoguer",
 "dirs-next",
 "figment",
 "futures",
 "indoc",
 "is_elevated",
 "itertools",
 "macro_rules_attribute",
 "nix",
 "pacaptr-macros",
 "regex",
 "serde",
 "tap",
 "thiserror 2.0.17",
 "thiserror-ext",
 "tokio",
 "tokio-stream",
 "tokio-util",
 "tt-call",
 "which",
 "xshell",
]

[[package]]
name = "pacaptr-macros"
version = "0.23.0"
dependencies = [
 "anyhow",
 "itertools",
 "litrs",
 "once_cell",
 "proc-macro2",
 "quote",
 "regex",
 "syn",
 "tabled",
]

[[package]]
name = "papergrid"
version = "0.17.0"
source = "registry+https://github.com/rust-lang/crates.io-index"
checksum = "6978128c8b51d8f4080631ceb2302ab51e32cc6e8615f735ee2f83fd269ae3f1"
dependencies = [
 "bytecount",
 "fnv",
 "unicode-width",
]

[[package]]
name = "paste"
version = "1.0.15"
source = "registry+https://github.com/rust-lang/crates.io-index"
checksum = "57c0d7b74b563b49d38dae00a0c37d4d6de9b432382b2892f0574ddcae73fd0a"

[[package]]
name = "pear"
version = "0.2.9"
source = "registry+https://github.com/rust-lang/crates.io-index"
checksum = "bdeeaa00ce488657faba8ebf44ab9361f9365a97bd39ffb8a60663f57ff4b467"
dependencies = [
 "inlinable_string",
 "pear_codegen",
 "yansi",
]

[[package]]
name = "pear_codegen"
version = "0.2.9"
source = "registry+https://github.com/rust-lang/crates.io-index"
checksum = "4bab5b985dc082b345f812b7df84e1bef27e7207b39e448439ba8bd69c93f147"
dependencies = [
 "proc-macro2",
 "proc-macro2-diagnostics",
 "quote",
 "syn",
]

[[package]]
name = "percent-encoding"
version = "2.3.1"
source = "registry+https://github.com/rust-lang/crates.io-index"
checksum = "e3148f5046208a5d56bcfc03053e3ca6334e51da8dfb19b6cdc8b306fae3283e"

[[package]]
name = "pin-project-lite"
version = "0.2.16"
source = "registry+https://github.com/rust-lang/crates.io-index"
checksum = "3b3cff922bd51709b605d9ead9aa71031d81447142d828eb4a6eba76fe619f9b"

[[package]]
name = "pin-utils"
version = "0.1.0"
source = "registry+https://github.com/rust-lang/crates.io-index"
checksum = "8b870d8c151b6f2fb93e84a13146138f05d02ed11c7e7c54f8826aaaf7c9f184"

[[package]]
name = "pkg-config"
version = "0.3.32"
source = "registry+https://github.com/rust-lang/crates.io-index"
checksum = "7edddbd0b52d732b21ad9a5fab5c704c14cd949e5e9a1ec5929a24fded1b904c"

[[package]]
name = "potential_utf"
version = "0.1.2"
source = "registry+https://github.com/rust-lang/crates.io-index"
checksum = "e5a7c30837279ca13e7c867e9e40053bc68740f988cb07f7ca6df43cc734b585"
dependencies = [
 "zerovec",
]

[[package]]
name = "proc-macro-error-attr2"
version = "2.0.0"
source = "registry+https://github.com/rust-lang/crates.io-index"
checksum = "96de42df36bb9bba5542fe9f1a054b8cc87e172759a1868aa05c1f3acc89dfc5"
dependencies = [
 "proc-macro2",
 "quote",
]

[[package]]
name = "proc-macro-error2"
version = "2.0.1"
source = "registry+https://github.com/rust-lang/crates.io-index"
checksum = "11ec05c52be0a07b08061f7dd003e7d7092e0472bc731b4af7bb1ef876109802"
dependencies = [
 "proc-macro-error-attr2",
 "proc-macro2",
 "quote",
 "syn",
]

[[package]]
name = "proc-macro2"
version = "1.0.101"
source = "registry+https://github.com/rust-lang/crates.io-index"
checksum = "89ae43fd86e4158d6db51ad8e2b80f313af9cc74f5c0e03ccb87de09998732de"
dependencies = [
 "unicode-ident",
]

[[package]]
name = "proc-macro2-diagnostics"
version = "0.10.1"
source = "registry+https://github.com/rust-lang/crates.io-index"
checksum = "af066a9c399a26e020ada66a034357a868728e72cd426f3adcd35f80d88d88c8"
dependencies = [
 "proc-macro2",
 "quote",
 "syn",
 "version_check",
 "yansi",
]

[[package]]
name = "quote"
version = "1.0.41"
source = "registry+https://github.com/rust-lang/crates.io-index"
checksum = "ce25767e7b499d1b604768e7cde645d14cc8584231ea6b295e9c9eb22c02e1d1"
dependencies = [
 "proc-macro2",
]

[[package]]
name = "r-efi"
version = "5.2.0"
source = "registry+https://github.com/rust-lang/crates.io-index"
checksum = "74765f6d916ee2faa39bc8e68e4f3ed8949b48cccdac59983d287a7cb71ce9c5"

[[package]]
name = "redox_users"
version = "0.4.6"
source = "registry+https://github.com/rust-lang/crates.io-index"
checksum = "ba009ff324d1fc1b900bd1fdb31564febe58a8ccc8a6fdbb93b543d33b13ca43"
dependencies = [
 "getrandom 0.2.16",
 "libredox",
 "thiserror 1.0.69",
]

[[package]]
name = "regex"
version = "1.11.3"
source = "registry+https://github.com/rust-lang/crates.io-index"
checksum = "8b5288124840bee7b386bc413c487869b360b2b4ec421ea56425128692f2a82c"
dependencies = [
 "aho-corasick",
 "memchr",
 "regex-automata",
 "regex-syntax",
]

[[package]]
name = "regex-automata"
version = "0.4.11"
source = "registry+https://github.com/rust-lang/crates.io-index"
checksum = "833eb9ce86d40ef33cb1306d8accf7bc8ec2bfea4355cbdebb3df68b40925cad"
dependencies = [
 "aho-corasick",
 "memchr",
 "regex-syntax",
]

[[package]]
name = "regex-syntax"
version = "0.8.5"
source = "registry+https://github.com/rust-lang/crates.io-index"
checksum = "2b15c43186be67a4fd63bee50d0303afffcef381492ebe2c5d87f324e1b8815c"

[[package]]
name = "rustc-demangle"
version = "0.1.24"
source = "registry+https://github.com/rust-lang/crates.io-index"
checksum = "719b953e2095829ee67db738b3bfa9fa368c94900df327b3f07fe6e794d2fe1f"

[[package]]
name = "rustix"
version = "1.0.7"
source = "registry+https://github.com/rust-lang/crates.io-index"
checksum = "c71e83d6afe7ff64890ec6b71d6a69bb8a610ab78ce364b3352876bb4c801266"
dependencies = [
 "bitflags",
 "errno",
 "libc",
 "linux-raw-sys",
 "windows-sys 0.59.0",
]

[[package]]
name = "serde"
version = "1.0.228"
source = "registry+https://github.com/rust-lang/crates.io-index"
checksum = "9a8e94ea7f378bd32cbbd37198a4a91436180c5bb472411e48b5ec2e2124ae9e"
dependencies = [
 "serde_core",
 "serde_derive",
]

[[package]]
name = "serde_core"
version = "1.0.228"
source = "registry+https://github.com/rust-lang/crates.io-index"
checksum = "41d385c7d4ca58e59fc732af25c3983b67ac852c1a25000afe1175de458b67ad"
dependencies = [
 "serde_derive",
]

[[package]]
name = "serde_derive"
version = "1.0.228"
source = "registry+https://github.com/rust-lang/crates.io-index"
checksum = "d540f220d3187173da220f885ab66608367b6574e925011a9353e4badda91d79"
dependencies = [
 "proc-macro2",
 "quote",
 "syn",
]

[[package]]
name = "serde_spanned"
version = "0.6.8"
source = "registry+https://github.com/rust-lang/crates.io-index"
checksum = "87607cb1398ed59d48732e575a4c28a7a8ebf2454b964fe3f224f2afc07909e1"
dependencies = [
 "serde",
]

[[package]]
name = "shell-words"
version = "1.1.0"
source = "registry+https://github.com/rust-lang/crates.io-index"
checksum = "24188a676b6ae68c3b2cb3a01be17fbf7240ce009799bb56d5b1409051e78fde"

[[package]]
name = "shlex"
version = "1.3.0"
source = "registry+https://github.com/rust-lang/crates.io-index"
checksum = "0fda2ff0d084019ba4d7c6f371c95d8fd75ce3524c3cb8fb653a3023f6323e64"

[[package]]
name = "signal-hook-registry"
version = "1.4.5"
source = "registry+https://github.com/rust-lang/crates.io-index"
checksum = "9203b8055f63a2a00e2f593bb0510367fe707d7ff1e5c872de2f537b339e5410"
dependencies = [
 "libc",
]

[[package]]
name = "slab"
version = "0.4.9"
source = "registry+https://github.com/rust-lang/crates.io-index"
checksum = "8f92a496fb766b417c996b9c5e57daf2f7ad3b0bebe1ccfca4856390e3d3bb67"
dependencies = [
 "autocfg",
]

[[package]]
name = "smallvec"
version = "1.15.0"
source = "registry+https://github.com/rust-lang/crates.io-index"
checksum = "8917285742e9f3e1683f0a9c4e6b57960b7314d0b08d30d1ecd426713ee2eee9"

[[package]]
name = "stable_deref_trait"
version = "1.2.0"
source = "registry+https://github.com/rust-lang/crates.io-index"
checksum = "a8f112729512f8e442d81f95a8a7ddf2b7c6b8a1a6f509a95864142b30cab2d3"

[[package]]
name = "strsim"
version = "0.11.1"
source = "registry+https://github.com/rust-lang/crates.io-index"
checksum = "7da8b5736845d9f2fcb837ea5d9e2628564b3b043a70948a3f0b778838c5fb4f"

[[package]]
name = "syn"
version = "2.0.106"
source = "registry+https://github.com/rust-lang/crates.io-index"
checksum = "ede7c438028d4436d71104916910f5bb611972c5cfd7f89b8300a8186e6fada6"
dependencies = [
 "proc-macro2",
 "quote",
 "unicode-ident",
]

[[package]]
name = "synstructure"
version = "0.13.2"
source = "registry+https://github.com/rust-lang/crates.io-index"
checksum = "728a70f3dbaf5bab7f0c4b1ac8d7ae5ea60a4b5549c8a5914361c99147a709d2"
dependencies = [
 "proc-macro2",
 "quote",
 "syn",
]

[[package]]
name = "tabled"
version = "0.20.0"
source = "registry+https://github.com/rust-lang/crates.io-index"
checksum = "e39a2ee1fbcd360805a771e1b300f78cc88fec7b8d3e2f71cd37bbf23e725c7d"
dependencies = [
 "papergrid",
 "tabled_derive",
 "testing_table",
]

[[package]]
name = "tabled_derive"
version = "0.11.0"
source = "registry+https://github.com/rust-lang/crates.io-index"
checksum = "0ea5d1b13ca6cff1f9231ffd62f15eefd72543dab5e468735f1a456728a02846"
dependencies = [
 "heck",
 "proc-macro-error2",
 "proc-macro2",
 "quote",
 "syn",
]

[[package]]
name = "tap"
version = "1.0.1"
source = "registry+https://github.com/rust-lang/crates.io-index"
checksum = "55937e1799185b12863d447f42597ed69d9928686b8d88a1df17376a097d8369"

[[package]]
name = "tempfile"
version = "3.20.0"
source = "registry+https://github.com/rust-lang/crates.io-index"
checksum = "e8a64e3985349f2441a1a9ef0b853f869006c3855f2cda6862a94d26ebb9d6a1"
dependencies = [
 "fastrand",
 "getrandom 0.3.3",
 "once_cell",
 "rustix",
 "windows-sys 0.59.0",
]

[[package]]
name = "testing_table"
version = "0.3.0"
source = "registry+https://github.com/rust-lang/crates.io-index"
checksum = "0f8daae29995a24f65619e19d8d31dea5b389f3d853d8bf297bbf607cd0014cc"
dependencies = [
 "unicode-width",
]

[[package]]
name = "thiserror"
version = "1.0.69"
source = "registry+https://github.com/rust-lang/crates.io-index"
checksum = "b6aaf5339b578ea85b50e080feb250a3e8ae8cfcdff9a461c9ec2904bc923f52"
dependencies = [
 "thiserror-impl 1.0.69",
]

[[package]]
name = "thiserror"
version = "2.0.17"
source = "registry+https://github.com/rust-lang/crates.io-index"
checksum = "f63587ca0f12b72a0600bcba1d40081f830876000bb46dd2337a3051618f4fc8"
dependencies = [
 "thiserror-impl 2.0.17",
]

[[package]]
name = "thiserror-ext"
version = "0.3.0"
source = "registry+https://github.com/rust-lang/crates.io-index"
checksum = "5fb7e61141f4141832ca9aad63c3c90023843f944a1975460abdacc64d03f534"
dependencies = [
 "thiserror 2.0.17",
 "thiserror-ext-derive",
]

[[package]]
name = "thiserror-ext-derive"
version = "0.3.0"
source = "registry+https://github.com/rust-lang/crates.io-index"
checksum = "2b5042dd3b562d1d57711be902006a0003fa2781b81d5b2bec07416be31586ff"
dependencies = [
 "either",
 "proc-macro2",
 "quote",
 "syn",
]

[[package]]
name = "thiserror-impl"
version = "1.0.69"
source = "registry+https://github.com/rust-lang/crates.io-index"
checksum = "4fee6c4efc90059e10f81e6d42c60a18f76588c3d74cb83a0b242a2b6c7504c1"
dependencies = [
 "proc-macro2",
 "quote",
 "syn",
]

[[package]]
name = "thiserror-impl"
version = "2.0.17"
source = "registry+https://github.com/rust-lang/crates.io-index"
checksum = "3ff15c8ecd7de3849db632e14d18d2571fa09dfc5ed93479bc4485c7a517c913"
dependencies = [
 "proc-macro2",
 "quote",
 "syn",
]

[[package]]
name = "thread_local"
version = "1.1.8"
source = "registry+https://github.com/rust-lang/crates.io-index"
checksum = "8b9ef9bad013ada3808854ceac7b46812a6465ba368859a37e2100283d2d719c"
dependencies = [
 "cfg-if",
 "once_cell",
]

[[package]]
name = "tinystr"
version = "0.8.1"
source = "registry+https://github.com/rust-lang/crates.io-index"
checksum = "5d4f6d1145dcb577acf783d4e601bc1d76a13337bb54e6233add580b07344c8b"
dependencies = [
 "displaydoc",
 "zerovec",
]

[[package]]
name = "tokio"
version = "1.47.1"
source = "registry+https://github.com/rust-lang/crates.io-index"
checksum = "89e49afdadebb872d3145a5638b59eb0691ea23e46ca484037cfab3b76b95038"
dependencies = [
 "backtrace",
 "bytes",
 "io-uring",
 "libc",
 "mio",
 "pin-project-lite",
 "signal-hook-registry",
 "slab",
 "tokio-macros",
 "windows-sys 0.59.0",
]

[[package]]
name = "tokio-macros"
version = "2.5.0"
source = "registry+https://github.com/rust-lang/crates.io-index"
checksum = "6e06d43f1345a3bcd39f6a56dbb7dcab2ba47e68e8ac134855e7e2bdbaf8cab8"
dependencies = [
 "proc-macro2",
 "quote",
 "syn",
]

[[package]]
name = "tokio-stream"
version = "0.1.17"
source = "registry+https://github.com/rust-lang/crates.io-index"
checksum = "eca58d7bba4a75707817a2c44174253f9236b2d5fbd055602e9d5c07c139a047"
dependencies = [
 "futures-core",
 "pin-project-lite",
 "tokio",
]

[[package]]
name = "tokio-util"
version = "0.7.16"
source = "registry+https://github.com/rust-lang/crates.io-index"
checksum = "14307c986784f72ef81c89db7d9e28d6ac26d16213b109ea501696195e6e3ce5"
dependencies = [
 "bytes",
 "futures-core",
 "futures-io",
 "futures-sink",
 "pin-project-lite",
 "tokio",
]

[[package]]
name = "toml"
version = "0.8.22"
source = "registry+https://github.com/rust-lang/crates.io-index"
checksum = "05ae329d1f08c4d17a59bed7ff5b5a769d062e64a62d34a3261b219e62cd5aae"
dependencies = [
 "serde",
 "serde_spanned",
 "toml_datetime",
 "toml_edit",
]

[[package]]
name = "toml_datetime"
version = "0.6.9"
source = "registry+https://github.com/rust-lang/crates.io-index"
checksum = "3da5db5a963e24bc68be8b17b6fa82814bb22ee8660f192bb182771d498f09a3"
dependencies = [
 "serde",
]

[[package]]
name = "toml_edit"
version = "0.22.26"
source = "registry+https://github.com/rust-lang/crates.io-index"
checksum = "310068873db2c5b3e7659d2cc35d21855dbafa50d1ce336397c666e3cb08137e"
dependencies = [
 "indexmap",
 "serde",
 "serde_spanned",
 "toml_datetime",
 "toml_write",
 "winnow",
]

[[package]]
name = "toml_write"
version = "0.1.1"
source = "registry+https://github.com/rust-lang/crates.io-index"
checksum = "bfb942dfe1d8e29a7ee7fcbde5bd2b9a25fb89aa70caea2eba3bee836ff41076"

[[package]]
name = "tt-call"
version = "1.0.9"
source = "registry+https://github.com/rust-lang/crates.io-index"
checksum = "f4f195fd851901624eee5a58c4bb2b4f06399148fcd0ed336e6f1cb60a9881df"

[[package]]
name = "uncased"
version = "0.9.10"
source = "registry+https://github.com/rust-lang/crates.io-index"
checksum = "e1b88fcfe09e89d3866a5c11019378088af2d24c3fbd4f0543f96b479ec90697"
dependencies = [
 "version_check",
]

[[package]]
name = "unicode-ident"
version = "1.0.18"
source = "registry+https://github.com/rust-lang/crates.io-index"
checksum = "5a5f39404a5da50712a4c1eecf25e90dd62b613502b7e925fd4e4d19b5c96512"

[[package]]
name = "unicode-width"
version = "0.2.0"
source = "registry+https://github.com/rust-lang/crates.io-index"
checksum = "1fc81956842c57dac11422a97c3b8195a1ff727f06e85c84ed2e8aa277c9a0fd"

[[package]]
name = "url"
version = "2.5.4"
source = "registry+https://github.com/rust-lang/crates.io-index"
checksum = "32f8b686cadd1473f4bd0117a5d28d36b1ade384ea9b5069a1c40aefed7fda60"
dependencies = [
 "form_urlencoded",
 "idna",
 "percent-encoding",
]

[[package]]
name = "utf8_iter"
version = "1.0.4"
source = "registry+https://github.com/rust-lang/crates.io-index"
checksum = "b6c140620e7ffbb22c2dee59cafe6084a59b5ffc27a8859a5f0d494b5d52b6be"

[[package]]
name = "utf8parse"
version = "0.2.2"
source = "registry+https://github.com/rust-lang/crates.io-index"
checksum = "06abde3611657adf66d383f00b093d7faecc7fa57071cce2578660c9f1010821"

[[package]]
name = "vcpkg"
version = "0.2.15"
source = "registry+https://github.com/rust-lang/crates.io-index"
checksum = "accd4ea62f7bb7a82fe23066fb0957d48ef677f6eeb8215f372f52e48bb32426"

[[package]]
name = "version_check"
version = "0.9.5"
source = "registry+https://github.com/rust-lang/crates.io-index"
checksum = "0b928f33d975fc6ad9f86c8f283853ad26bdd5b10b7f1542aa2fa15e2289105a"

[[package]]
name = "wasi"
version = "0.11.0+wasi-snapshot-preview1"
source = "registry+https://github.com/rust-lang/crates.io-index"
checksum = "9c8d87e72b64a3b4db28d11ce29237c246188f4f51057d65a7eab63b7987e423"

[[package]]
name = "wasi"
version = "0.14.2+wasi-0.2.4"
source = "registry+https://github.com/rust-lang/crates.io-index"
checksum = "9683f9a5a998d873c0d21fcbe3c083009670149a8fab228644b8bd36b2c48cb3"
dependencies = [
 "wit-bindgen-rt",
]

[[package]]
name = "which"
version = "8.0.0"
source = "registry+https://github.com/rust-lang/crates.io-index"
checksum = "d3fabb953106c3c8eea8306e4393700d7657561cb43122571b172bbfb7c7ba1d"
dependencies = [
 "env_home",
 "rustix",
 "winsafe",
]

[[package]]
name = "winapi"
version = "0.3.9"
source = "registry+https://github.com/rust-lang/crates.io-index"
checksum = "5c839a674fcd7a98952e593242ea400abe93992746761e38641405d28b00f419"
dependencies = [
 "winapi-i686-pc-windows-gnu",
 "winapi-x86_64-pc-windows-gnu",
]

[[package]]
name = "winapi-i686-pc-windows-gnu"
version = "0.4.0"
source = "registry+https://github.com/rust-lang/crates.io-index"
checksum = "ac3b87c63620426dd9b991e5ce0329eff545bccbbb34f3be09ff6fb6ab51b7b6"

[[package]]
name = "winapi-x86_64-pc-windows-gnu"
version = "0.4.0"
source = "registry+https://github.com/rust-lang/crates.io-index"
checksum = "712e227841d057c1ee1cd2fb22fa7e5a5461ae8e48fa2ca79ec42cfc1931183f"

[[package]]
name = "windows-link"
version = "0.2.0"
source = "registry+https://github.com/rust-lang/crates.io-index"
checksum = "45e46c0661abb7180e7b9c281db115305d49ca1709ab8242adf09666d2173c65"

[[package]]
name = "windows-sys"
version = "0.59.0"
source = "registry+https://github.com/rust-lang/crates.io-index"
checksum = "1e38bc4d79ed67fd075bcc251a1c39b32a1776bbe92e5bef1f0bf1f8c531853b"
dependencies = [
 "windows-targets",
]

[[package]]
name = "windows-sys"
version = "0.61.1"
source = "registry+https://github.com/rust-lang/crates.io-index"
checksum = "6f109e41dd4a3c848907eb83d5a42ea98b3769495597450cf6d153507b166f0f"
dependencies = [
 "windows-link",
]

[[package]]
name = "windows-targets"
version = "0.52.6"
source = "registry+https://github.com/rust-lang/crates.io-index"
checksum = "9b724f72796e036ab90c1021d4780d4d3d648aca59e491e6b98e725b84e99973"
dependencies = [
 "windows_aarch64_gnullvm",
 "windows_aarch64_msvc",
 "windows_i686_gnu",
 "windows_i686_gnullvm",
 "windows_i686_msvc",
 "windows_x86_64_gnu",
 "windows_x86_64_gnullvm",
 "windows_x86_64_msvc",
]

[[package]]
name = "windows_aarch64_gnullvm"
version = "0.52.6"
source = "registry+https://github.com/rust-lang/crates.io-index"
checksum = "32a4622180e7a0ec044bb555404c800bc9fd9ec262ec147edd5989ccd0c02cd3"

[[package]]
name = "windows_aarch64_msvc"
version = "0.52.6"
source = "registry+https://github.com/rust-lang/crates.io-index"
checksum = "09ec2a7bb152e2252b53fa7803150007879548bc709c039df7627cabbd05d469"

[[package]]
name = "windows_i686_gnu"
version = "0.52.6"
source = "registry+https://github.com/rust-lang/crates.io-index"
checksum = "8e9b5ad5ab802e97eb8e295ac6720e509ee4c243f69d781394014ebfe8bbfa0b"

[[package]]
name = "windows_i686_gnullvm"
version = "0.52.6"
source = "registry+https://github.com/rust-lang/crates.io-index"
checksum = "0eee52d38c090b3caa76c563b86c3a4bd71ef1a819287c19d586d7334ae8ed66"

[[package]]
name = "windows_i686_msvc"
version = "0.52.6"
source = "registry+https://github.com/rust-lang/crates.io-index"
checksum = "240948bc05c5e7c6dabba28bf89d89ffce3e303022809e73deaefe4f6ec56c66"

[[package]]
name = "windows_x86_64_gnu"
version = "0.52.6"
source = "registry+https://github.com/rust-lang/crates.io-index"
checksum = "147a5c80aabfbf0c7d901cb5895d1de30ef2907eb21fbbab29ca94c5b08b1a78"

[[package]]
name = "windows_x86_64_gnullvm"
version = "0.52.6"
source = "registry+https://github.com/rust-lang/crates.io-index"
checksum = "24d5b23dc417412679681396f2b49f3de8c1473deb516bd34410872eff51ed0d"

[[package]]
name = "windows_x86_64_msvc"
version = "0.52.6"
source = "registry+https://github.com/rust-lang/crates.io-index"
checksum = "589f6da84c646204747d1270a2a5661ea66ed1cced2631d546fdfb155959f9ec"

[[package]]
name = "winnow"
version = "0.7.10"
source = "registry+https://github.com/rust-lang/crates.io-index"
checksum = "c06928c8748d81b05c9be96aad92e1b6ff01833332f281e8cfca3be4b35fc9ec"
dependencies = [
 "memchr",
]

[[package]]
name = "winsafe"
version = "0.0.19"
source = "registry+https://github.com/rust-lang/crates.io-index"
checksum = "d135d17ab770252ad95e9a872d365cf3090e3be864a34ab46f48555993efc904"

[[package]]
name = "wit-bindgen-rt"
version = "0.39.0"
source = "registry+https://github.com/rust-lang/crates.io-index"
checksum = "6f42320e61fe2cfd34354ecb597f86f413484a798ba44a8ca1165c58d42da6c1"
dependencies = [
 "bitflags",
]

[[package]]
name = "writeable"
version = "0.6.1"
source = "registry+https://github.com/rust-lang/crates.io-index"
checksum = "ea2f10b9bb0928dfb1b42b65e1f9e36f7f54dbdf08457afefb38afcdec4fa2bb"

[[package]]
name = "xshell"
version = "0.2.7"
source = "registry+https://github.com/rust-lang/crates.io-index"
checksum = "9e7290c623014758632efe00737145b6867b66292c42167f2ec381eb566a373d"
dependencies = [
 "xshell-macros",
]

[[package]]
name = "xshell-macros"
version = "0.2.7"
source = "registry+https://github.com/rust-lang/crates.io-index"
checksum = "32ac00cd3f8ec9c1d33fb3e7958a82df6989c42d747bd326c822b1d625283547"

[[package]]
name = "yansi"
version = "1.0.1"
source = "registry+https://github.com/rust-lang/crates.io-index"
checksum = "cfe53a6657fd280eaa890a3bc59152892ffa3e30101319d168b781ed6529b049"

[[package]]
name = "yoke"
version = "0.8.0"
source = "registry+https://github.com/rust-lang/crates.io-index"
checksum = "5f41bb01b8226ef4bfd589436a297c53d118f65921786300e427be8d487695cc"
dependencies = [
 "serde",
 "stable_deref_trait",
 "yoke-derive",
 "zerofrom",
]

[[package]]
name = "yoke-derive"
version = "0.8.0"
source = "registry+https://github.com/rust-lang/crates.io-index"
checksum = "38da3c9736e16c5d3c8c597a9aaa5d1fa565d0532ae05e27c24aa62fb32c0ab6"
dependencies = [
 "proc-macro2",
 "quote",
 "syn",
 "synstructure",
]

[[package]]
name = "zerofrom"
version = "0.1.6"
source = "registry+https://github.com/rust-lang/crates.io-index"
checksum = "50cc42e0333e05660c3587f3bf9d0478688e15d870fab3346451ce7f8c9fbea5"
dependencies = [
 "zerofrom-derive",
]

[[package]]
name = "zerofrom-derive"
version = "0.1.6"
source = "registry+https://github.com/rust-lang/crates.io-index"
checksum = "d71e5d6e06ab090c67b5e44993ec16b72dcbaabc526db883a360057678b48502"
dependencies = [
 "proc-macro2",
 "quote",
 "syn",
 "synstructure",
]

[[package]]
name = "zeroize"
version = "1.8.1"
source = "registry+https://github.com/rust-lang/crates.io-index"
checksum = "ced3678a2879b30306d323f4542626697a464a97c0a07c9aebf7ebca65cd4dde"

[[package]]
name = "zerotrie"
version = "0.2.2"
source = "registry+https://github.com/rust-lang/crates.io-index"
checksum = "36f0bbd478583f79edad978b407914f61b2972f5af6fa089686016be8f9af595"
dependencies = [
 "displaydoc",
 "yoke",
 "zerofrom",
]

[[package]]
name = "zerovec"
version = "0.11.2"
source = "registry+https://github.com/rust-lang/crates.io-index"
checksum = "4a05eb080e015ba39cc9e23bbe5e7fb04d5fb040350f99f34e338d5fdd294428"
dependencies = [
 "yoke",
 "zerofrom",
 "zerovec-derive",
]

[[package]]
name = "zerovec-derive"
version = "0.11.1"
source = "registry+https://github.com/rust-lang/crates.io-index"
checksum = "5b96237efa0c878c64bd89c436f661be4e46b2f3eff1ebb976f7ef2321d2f58f"
dependencies = [
 "proc-macro2",
 "quote",
 "syn",
]
